
Microsoft Visual Studio Solution File, Format Version 12.00
# Visual Studio 15
VisualStudioVersion = 15.0.28307.421
MinimumVisualStudioVersion = 10.0.40219.1
Project("{FAE04EC0-301F-11D3-BF4B-00C04F79EFBC}") = "timecalc", "timecalc\timecalc.csproj", "{79D3AC69-C2C1-4316-868B-8C91444E5FA6}"
EndProject
Global
	GlobalSection(SolutionConfigurationPlatforms) = preSolution
		Debug|Any CPU = Debug|Any CPU
		Release|Any CPU = Release|Any CPU
	EndGlobalSection
	GlobalSection(ProjectConfigurationPlatforms) = postSolution
		{79D3AC69-C2C1-4316-868B-8C91444E5FA6}.Debug|Any CPU.ActiveCfg = Debug|Any CPU
		{79D3AC69-C2C1-4316-868B-8C91444E5FA6}.Debug|Any CPU.Build.0 = Debug|Any CPU
		{79D3AC69-C2C1-4316-868B-8C91444E5FA6}.Release|Any CPU.ActiveCfg = Release|Any CPU
		{79D3AC69-C2C1-4316-868B-8C91444E5FA6}.Release|Any CPU.Build.0 = Release|Any CPU
	EndGlobalSection
	GlobalSection(SolutionProperties) = preSolution
		HideSolutionNode = FALSE
	EndGlobalSection
	GlobalSection(ExtensibilityGlobals) = postSolution
		SolutionGuid = {3B699B96-28E3-4D75-86E2-FE56A8FBA83E}
	EndGlobalSection
EndGlobal
